
Microsoft Visual Studio Solution File, Format Version 12.00
# Visual Studio Version 17
VisualStudioVersion = 17.6.33723.286
MinimumVisualStudioVersion = 10.0.40219.1
Project("{FAE04EC0-301F-11D3-BF4B-00C04F79EFBC}") = "consolka", "consolka\consolka.csproj", "{650EB687-5DFF-49C7-8C0A-F07F7891DE84}"
EndProject
Global
	GlobalSection(SolutionConfigurationPlatforms) = preSolution
		Debug|Any CPU = Debug|Any CPU
		Release|Any CPU = Release|Any CPU
	EndGlobalSection
	GlobalSection(ProjectConfigurationPlatforms) = postSolution
		{650EB687-5DFF-49C7-8C0A-F07F7891DE84}.Debug|Any CPU.ActiveCfg = Debug|Any CPU
		{650EB687-5DFF-49C7-8C0A-F07F7891DE84}.Debug|Any CPU.Build.0 = Debug|Any CPU
		{650EB687-5DFF-49C7-8C0A-F07F7891DE84}.Release|Any CPU.ActiveCfg = Release|Any CPU
		{650EB687-5DFF-49C7-8C0A-F07F7891DE84}.Release|Any CPU.Build.0 = Release|Any CPU
	EndGlobalSection
	GlobalSection(SolutionProperties) = preSolution
		HideSolutionNode = FALSE
	EndGlobalSection
	GlobalSection(ExtensibilityGlobals) = postSolution
		SolutionGuid = {154AC7B5-7C60-4559-BB71-91C4947684FD}
	EndGlobalSection
EndGlobal
